
Microsoft Visual Studio Solution File, Format Version 12.00
# Visual Studio 15
VisualStudioVersion = 15.0.27703.2000
MinimumVisualStudioVersion = 10.0.40219.1
Project("{FAE04EC0-301F-11D3-BF4B-00C04F79EFBC}") = "EGManageStorageEventSubscriptions", "EGManageStorageEventSubscriptions\EGManageStorageEventSubscriptions.csproj", "{685A726F-6654-49A3-8632-648BA5A36C96}"
EndProject
Global
	GlobalSection(SolutionConfigurationPlatforms) = preSolution
		Debug|Any CPU = Debug|Any CPU
		Release|Any CPU = Release|Any CPU
	EndGlobalSection
	GlobalSection(ProjectConfigurationPlatforms) = postSolution
		{685A726F-6654-49A3-8632-648BA5A36C96}.Debug|Any CPU.ActiveCfg = Debug|Any CPU
		{685A726F-6654-49A3-8632-648BA5A36C96}.Debug|Any CPU.Build.0 = Debug|Any CPU
		{685A726F-6654-49A3-8632-648BA5A36C96}.Release|Any CPU.ActiveCfg = Release|Any CPU
		{685A726F-6654-49A3-8632-648BA5A36C96}.Release|Any CPU.Build.0 = Release|Any CPU
	EndGlobalSection
	GlobalSection(SolutionProperties) = preSolution
		HideSolutionNode = FALSE
	EndGlobalSection
	GlobalSection(ExtensibilityGlobals) = postSolution
		SolutionGuid = {39118A89-133A-4EDD-91D8-6C23FE9840D9}
	EndGlobalSection
EndGlobal
